
Microsoft Visual Studio Solution File, Format Version 12.00
# Visual Studio 14
VisualStudioVersion = 14.0.23107.0
MinimumVisualStudioVersion = 10.0.40219.1
Project("{FAE04EC0-301F-11D3-BF4B-00C04F79EFBC}") = "PlayWithTypescript", "PlayWithTypescript\PlayWithTypescript.csproj", "{DB4DE003-63F6-4D38-8638-DBC210C12B3D}"
EndProject
Global
	GlobalSection(SolutionConfigurationPlatforms) = preSolution
		Debug|Any CPU = Debug|Any CPU
		Release|Any CPU = Release|Any CPU
	EndGlobalSection
	GlobalSection(ProjectConfigurationPlatforms) = postSolution
		{DB4DE003-63F6-4D38-8638-DBC210C12B3D}.Debug|Any CPU.ActiveCfg = Debug|Any CPU
		{DB4DE003-63F6-4D38-8638-DBC210C12B3D}.Debug|Any CPU.Build.0 = Debug|Any CPU
		{DB4DE003-63F6-4D38-8638-DBC210C12B3D}.Release|Any CPU.ActiveCfg = Release|Any CPU
		{DB4DE003-63F6-4D38-8638-DBC210C12B3D}.Release|Any CPU.Build.0 = Release|Any CPU
	EndGlobalSection
	GlobalSection(SolutionProperties) = preSolution
		HideSolutionNode = FALSE
	EndGlobalSection
EndGlobal
