
Microsoft Visual Studio Solution File, Format Version 12.00
# Visual Studio 2012
Project("{FAE04EC0-301F-11D3-BF4B-00C04F79EFBC}") = "BL", "BL\BL.csproj", "{840E0BE3-8E85-416A-B1B7-FD62C0C92120}"
EndProject
Project("{FAE04EC0-301F-11D3-BF4B-00C04F79EFBC}") = "Web", "Web\Web.csproj", "{9AE46108-256D-4BFC-9FF2-C4FB7E12F872}"
EndProject
Global
	GlobalSection(SolutionConfigurationPlatforms) = preSolution
		Debug|Any CPU = Debug|Any CPU
		Release|Any CPU = Release|Any CPU
	EndGlobalSection
	GlobalSection(ProjectConfigurationPlatforms) = postSolution
		{840E0BE3-8E85-416A-B1B7-FD62C0C92120}.Debug|Any CPU.ActiveCfg = Debug|Any CPU
		{840E0BE3-8E85-416A-B1B7-FD62C0C92120}.Debug|Any CPU.Build.0 = Debug|Any CPU
		{840E0BE3-8E85-416A-B1B7-FD62C0C92120}.Release|Any CPU.ActiveCfg = Release|Any CPU
		{840E0BE3-8E85-416A-B1B7-FD62C0C92120}.Release|Any CPU.Build.0 = Release|Any CPU
		{9AE46108-256D-4BFC-9FF2-C4FB7E12F872}.Debug|Any CPU.ActiveCfg = Debug|Any CPU
		{9AE46108-256D-4BFC-9FF2-C4FB7E12F872}.Debug|Any CPU.Build.0 = Debug|Any CPU
		{9AE46108-256D-4BFC-9FF2-C4FB7E12F872}.Release|Any CPU.ActiveCfg = Release|Any CPU
		{9AE46108-256D-4BFC-9FF2-C4FB7E12F872}.Release|Any CPU.Build.0 = Release|Any CPU
	EndGlobalSection
	GlobalSection(SolutionProperties) = preSolution
		HideSolutionNode = FALSE
	EndGlobalSection
EndGlobal
